{
  "name": "bananaplusplus",
  "version": "1.0.1",
  "lockfileVersion": 3,
  "requires": true,
  "packages": {
    "": {
      "name": "bananaplusplus",
      "version": "1.0.1",
      "license": "MIT",
      "dependencies": {
        "bananaplusplus": "^1.0.1"
      },
      "bin": {
        "b++": "cli.js"
      }
    },
    "node_modules/bananaplusplus": {
      "version": "1.0.1",
      "resolved": "https://registry.npmjs.org/bananaplusplus/-/bananaplusplus-1.0.1.tgz",
      "integrity": "sha512-98jEOEBAz0HwyjlDSCIMCuFP1rMW2Qns5/qyoqUX6QT6NhiNtB2nVYC/XTMhGfUxSoG9rLNlrhL6lkKOPJSODg==",
      "license": "MIT",
      "bin": {
        "b++": "cli.js",
        "b++_gen": "generator.js"
      }
    }
  }
}
